
Microsoft Visual Studio Solution File, Format Version 12.00
# Visual Studio Version 17
VisualStudioVersion = 17.14.36414.22 d17.14
MinimumVisualStudioVersion = 10.0.40219.1
Project("{FAE04EC0-301F-11D3-BF4B-00C04F79EFBC}") = "InteractiveLINQconsoleApp01", "InteractiveLINQconsoleApp01\InteractiveLINQconsoleApp01.csproj", "{6383EB10-3210-4C8E-9DAC-86F0BCD73422}"
EndProject
Global
	GlobalSection(SolutionConfigurationPlatforms) = preSolution
		Debug|Any CPU = Debug|Any CPU
		Release|Any CPU = Release|Any CPU
	EndGlobalSection
	GlobalSection(ProjectConfigurationPlatforms) = postSolution
		{6383EB10-3210-4C8E-9DAC-86F0BCD73422}.Debug|Any CPU.ActiveCfg = Debug|Any CPU
		{6383EB10-3210-4C8E-9DAC-86F0BCD73422}.Debug|Any CPU.Build.0 = Debug|Any CPU
		{6383EB10-3210-4C8E-9DAC-86F0BCD73422}.Release|Any CPU.ActiveCfg = Release|Any CPU
		{6383EB10-3210-4C8E-9DAC-86F0BCD73422}.Release|Any CPU.Build.0 = Release|Any CPU
	EndGlobalSection
	GlobalSection(SolutionProperties) = preSolution
		HideSolutionNode = FALSE
	EndGlobalSection
	GlobalSection(ExtensibilityGlobals) = postSolution
		SolutionGuid = {F3F6F668-4180-4F0E-9847-1B6F55C45505}
	EndGlobalSection
EndGlobal
